// !$*UTF8*$!
{
	archiveVersion = 1;
	classes = {
	};
	objectVersion = 77;
	objects = {

/* Begin PBXBuildFile section */
		FB6496CF2F94CF4E00D20975 /* Assets.xcassets in Resources */ = {isa = PBXBuildFile; fileRef = FB6496CE2F94CF4E00D20975 /* Assets.xcassets */; };
/* End PBXBuildFile section */

/* Begin PBXContainerItemProxy section */
		FB6496D52F94CF4F00D20975 /* PBXContainerItemProxy */ = {
			isa = PBXContainerItemProxy;
			containerPortal = FB6496BF2F94CF4C00D20975 /* Project object */;
			proxyType = 1;
			remoteGlobalIDString = FB6496C62F94CF4C00D20975;
			remoteInfo = Daylight;
		};
		FB6496DF2F94CF4F00D20975 /* PBXContainerItemProxy */ = {
			isa = PBXContainerItemProxy;
			containerPortal = FB6496BF2F94CF4C00D20975 /* Project object */;
			proxyType = 1;
			remoteGlobalIDString = FB6496C62F94CF4C00D20975;
			remoteInfo = Daylight;
		};
/* End PBXContainerItemProxy section */

/* Begin PBXFileReference section */
		FB6496C72F94CF4C00D20975 /* Daylight.app */ = {isa = PBXFileReference; explicitFileType = wrapper.application; includeInIndex = 0; path = Daylight.app; sourceTree = BUILT_PRODUCTS_DIR; };
		FB6496CE2F94CF4E00D20975 /* Assets.xcassets */ = {isa = PBXFileReference; lastKnownFileType = folder.assetcatalog; path = Assets.xcassets; sourceTree = "<group>"; };
		FB6496D42F94CF4F00D20975 /* DaylightTests.xctest */ = {isa = PBXFileReference; explicitFileType = wrapper.cfbundle; includeInIndex = 0; path = DaylightTests.xctest; sourceTree = BUILT_PRODUCTS_DIR; };
		FB6496DE2F94CF4F00D20975 /* DaylightUITests.xctest */ = {isa = PBXFileReference; explicitFileType = wrapper.cfbundle; includeInIndex = 0; path = DaylightUITests.xctest; sourceTree = BUILT_PRODUCTS_DIR; };
/* End PBXFileReference section */

/* Begin PBXFileSystemSynchronizedBuildFileExceptionSet section */
		FBFCC7202FA1A04C00C84760 /* Exceptions for "Daylight" folder in "Daylight" target */ = {
			isa = PBXFileSystemSynchronizedBuildFileExceptionSet;
			membershipExceptions = (
				Info.plist,
			);
			target = FB6496C62F94CF4C00D20975 /* Daylight */;
		};
/* End PBXFileSystemSynchronizedBuildFileExceptionSet section */

/* Begin PBXFileSystemSynchronizedRootGroup section */
		FB6496D72F94CF4F00D20975 /* DaylightTests */ = {
			isa = PBXFileSystemSynchronizedRootGroup;
			path = DaylightTests;
			sourceTree = "<group>";
		};
		FB6496E12F94CF4F00D20975 /* DaylightUITests */ = {
			isa = PBXFileSystemSynchronizedRootGroup;
			path = DaylightUITests;
			sourceTree = "<group>";
		};
		FBFCC7172FA1A04B00C84760 /* Daylight */ = {
			isa = PBXFileSystemSynchronizedRootGroup;
			exceptions = (
				FBFCC7202FA1A04C00C84760 /* Exceptions for "Daylight" folder in "Daylight" target */,
			);
			path = Daylight;
			sourceTree = "<group>";
		};
/* End PBXFileSystemSynchronizedRootGroup section */

/* Begin PBXFrameworksBuildPhase section */
		FB6496C42F94CF4C00D20975 /* Frameworks */ = {
			isa = PBXFrameworksBuildPhase;
			buildActionMask = 2147483647;
			files = (
			);
			runOnlyForDeploymentPostprocessing = 0;
		};
		FB6496D12F94CF4F00D20975 /* Frameworks */ = {
			isa = PBXFrameworksBuildPhase;
			buildActionMask = 2147483647;
			files = (
			);
			runOnlyForDeploymentPostprocessing = 0;
		};
		FB6496DB2F94CF4F00D20975 /* Frameworks */ = {
			isa = PBXFrameworksBuildPhase;
			buildActionMask = 2147483647;
			files = (
			);
			runOnlyForDeploymentPostprocessing = 0;
		};
/* End PBXFrameworksBuildPhase section */

/* Begin PBXGroup section */
		FB6496BE2F94CF4C00D20975 = {
			isa = PBXGroup;
			children = (
				FB6496D72F94CF4F00D20975 /* DaylightTests */,
				FB6496E12F94CF4F00D20975 /* DaylightUITests */,
				FB6496C82F94CF4C00D20975 /* Products */,
				FB6496CE2F94CF4E00D20975 /* Assets.xcassets */,
				FBFCC7172FA1A04B00C84760 /* Daylight */,
			);
			sourceTree = "<group>";
		};
		FB6496C82F94CF4C00D20975 /* Products */ = {
			isa = PBXGroup;
			children = (
				FB6496C72F94CF4C00D20975 /* Daylight.app */,
				FB6496D42F94CF4F00D20975 /* DaylightTests.xctest */,
				FB6496DE2F94CF4F00D20975 /* DaylightUITests.xctest */,
			);
			name = Products;
			sourceTree = "<group>";
		};
/* End PBXGroup section */

/* Begin PBXNativeTarget section */
		FB6496C62F94CF4C00D20975 /* Daylight */ = {
			isa = PBXNativeTarget;
			buildConfigurationList = FB6496E82F94CF4F00D20975 /* Build configuration list for PBXNativeTarget "Daylight" */;
			buildPhases = (
				FB6496C32F94CF4C00D20975 /* Sources */,
				FB6496C42F94CF4C00D20975 /* Frameworks */,
				FB6496C52F94CF4C00D20975 /* Resources */,
			);
			buildRules = (
			);
			dependencies = (
			);
			fileSystemSynchronizedGroups = (
				FBFCC7172FA1A04B00C84760 /* Daylight */,
			);
			name = Daylight;
			packageProductDependencies = (
			);
			productName = Daylight;
			productReference = FB6496C72F94CF4C00D20975 /* Daylight.app */;
			productType = "com.apple.product-type.application";
		};
		FB6496D32F94CF4F00D20975 /* DaylightTests */ = {
			isa = PBXNativeTarget;
			buildConfigurationList = FB6496EB2F94CF4F00D20975 /* Build configuration list for PBXNativeTarget "DaylightTests" */;
			buildPhases = (
				FB6496D02F94CF4F00D20975 /* Sources */,
				FB6496D12F94CF4F00D20975 /* Frameworks */,
				FB6496D22F94CF4F00D20975 /* Resources */,
			);
			buildRules = (
			);
			dependencies = (
				FB6496D62F94CF4F00D20975 /* PBXTargetDependency */,
			);
			fileSystemSynchronizedGroups = (
				FB6496D72F94CF4F00D20975 /* DaylightTests */,
			);
			name = DaylightTests;
			packageProductDependencies = (
			);
			productName = DaylightTests;
			productReference = FB6496D42F94CF4F00D20975 /* DaylightTests.xctest */;
			productType = "com.apple.product-type.bundle.unit-test";
		};
		FB6496DD2F94CF4F00D20975 /* DaylightUITests */ = {
			isa = PBXNativeTarget;
			buildConfigurationList = FB6496EE2F94CF4F00D20975 /* Build configuration list for PBXNativeTarget "DaylightUITests" */;
			buildPhases = (
				FB6496DA2F94CF4F00D20975 /* Sources */,
				FB6496DB2F94CF4F00D20975 /* Frameworks */,
				FB6496DC2F94CF4F00D20975 /* Resources */,
			);
			buildRules = (
			);
			dependencies = (
				FB6496E02F94CF4F00D20975 /* PBXTargetDependency */,
			);
			fileSystemSynchronizedGroups = (
				FB6496E12F94CF4F00D20975 /* DaylightUITests */,
			);
			name = DaylightUITests;
			packageProductDependencies = (
			);
			productName = DaylightUITests;
			productReference = FB6496DE2F94CF4F00D20975 /* DaylightUITests.xctest */;
			productType = "com.apple.product-type.bundle.ui-testing";
		};
/* End PBXNativeTarget section */

/* Begin PBXProject section */
		FB6496BF2F94CF4C00D20975 /* Project object */ = {
			isa = PBXProject;
			attributes = {
				BuildIndependentTargetsInParallel = 1;
				LastSwiftUpdateCheck = 2640;
				LastUpgradeCheck = 2640;
				TargetAttributes = {
					FB6496C62F94CF4C00D20975 = {
						CreatedOnToolsVersion = 26.4.1;
					};
					FB6496D32F94CF4F00D20975 = {
						CreatedOnToolsVersion = 26.4.1;
						TestTargetID = FB6496C62F94CF4C00D20975;
					};
					FB6496DD2F94CF4F00D20975 = {
						CreatedOnToolsVersion = 26.4.1;
						TestTargetID = FB6496C62F94CF4C00D20975;
					};
				};
			};
			buildConfigurationList = FB6496C22F94CF4C00D20975 /* Build configuration list for PBXProject "Daylight" */;
			developmentRegion = en;
			hasScannedForEncodings = 0;
			knownRegions = (
				en,
				Base,
			);
			mainGroup = FB6496BE2F94CF4C00D20975;
			minimizedProjectReferenceProxies = 1;
			preferredProjectObjectVersion = 77;
			productRefGroup = FB6496C82F94CF4C00D20975 /* Products */;
			projectDirPath = "";
			projectRoot = "";
			targets = (
				FB6496C62F94CF4C00D20975 /* Daylight */,
				FB6496D32F94CF4F00D20975 /* DaylightTests */,
				FB6496DD2F94CF4F00D20975 /* DaylightUITests */,
			);
		};
/* End PBXProject section */

/* Begin PBXResourcesBuildPhase section */
		FB6496C52F94CF4C00D20975 /* Resources */ = {
			isa = PBXResourcesBuildPhase;
			buildActionMask = 2147483647;
			files = (
				FB6496CF2F94CF4E00D20975 /* Assets.xcassets in Resources */,
			);
			runOnlyForDeploymentPostprocessing = 0;
		};
		FB6496D22F94CF4F00D20975 /* Resources */ = {
			isa = PBXResourcesBuildPhase;
			buildActionMask = 2147483647;
			files = (
			);
			runOnlyForDeploymentPostprocessing = 0;
		};
		FB6496DC2F94CF4F00D20975 /* Resources */ = {
			isa = PBXResourcesBuildPhase;
			buildActionMask = 2147483647;
			files = (
			);
			runOnlyForDeploymentPostprocessing = 0;
		};
/* End PBXResourcesBuildPhase section */

/* Begin PBXSourcesBuildPhase section */
		FB6496C32F94CF4C00D20975 /* Sources */ = {
			isa = PBXSourcesBuildPhase;
			buildActionMask = 2147483647;
			files = (
			);
			runOnlyForDeploymentPostprocessing = 0;
		};
		FB6496D02F94CF4F00D20975 /* Sources */ = {
			isa = PBXSourcesBuildPhase;
			buildActionMask = 2147483647;
			files = (
			);
			runOnlyForDeploymentPostprocessing = 0;
		};
		FB6496DA2F94CF4F00D20975 /* Sources */ = {
			isa = PBXSourcesBuildPhase;
			buildActionMask = 2147483647;
			files = (
			);
			runOnlyForDeploymentPostprocessing = 0;
		};
/* End PBXSourcesBuildPhase section */

/* Begin PBXTargetDependency section */
		FB6496D62F94CF4F00D20975 /* PBXTargetDependency */ = {
			isa = PBXTargetDependency;
			target = FB6496C62F94CF4C00D20975 /* Daylight */;
			targetProxy = FB6496D52F94CF4F00D20975 /* PBXContainerItemProxy */;
		};
		FB6496E02F94CF4F00D20975 /* PBXTargetDependency */ = {
			isa = PBXTargetDependency;
			target = FB6496C62F94CF4C00D20975 /* Daylight */;
			targetProxy = FB6496DF2F94CF4F00D20975 /* PBXContainerItemProxy */;
		};
/* End PBXTargetDependency section */

/* Begin XCBuildConfiguration section */
		FB6496E62F94CF4F00D20975 /* Debug */ = {
			isa = XCBuildConfiguration;
			buildSettings = {
				ALWAYS_SEARCH_USER_PATHS = NO;
				ASSETCATALOG_COMPILER_GENERATE_SWIFT_ASSET_SYMBOL_EXTENSIONS = YES;
				CLANG_ANALYZER_NONNULL = YES;
				CLANG_ANALYZER_NUMBER_OBJECT_CONVERSION = YES_AGGRESSIVE;
				CLANG_CXX_LANGUAGE_STANDARD = "gnu++20";
				CLANG_ENABLE_MODULES = YES;
				CLANG_ENABLE_OBJC_ARC = YES;
				CLANG_ENABLE_OBJC_WEAK = YES;
				CLANG_WARN_BLOCK_CAPTURE_AUTORELEASING = YES;
				CLANG_WARN_BOOL_CONVERSION = YES;
				CLANG_WARN_COMMA = YES;
				CLANG_WARN_CONSTANT_CONVERSION = YES;
				CLANG_WARN_DEPRECATED_OBJC_IMPLEMENTATIONS = YES;
				CLANG_WARN_DIRECT_OBJC_ISA_USAGE = YES_ERROR;
				CLANG_WARN_DOCUMENTATION_COMMENTS = YES;
				CLANG_WARN_EMPTY_BODY = YES;
				CLANG_WARN_ENUM_CONVERSION = YES;
				CLANG_WARN_INFINITE_RECURSION = YES;
				CLANG_WARN_INT_CONVERSION = YES;
				CLANG_WARN_NON_LITERAL_NULL_CONVERSION = YES;
				CLANG_WARN_OBJC_IMPLICIT_RETAIN_SELF = YES;
				CLANG_WARN_OBJC_LITERAL_CONVERSION = YES;
				CLANG_WARN_OBJC_ROOT_CLASS = YES_ERROR;
				CLANG_WARN_QUOTED_INCLUDE_IN_FRAMEWORK_HEADER = YES;
				CLANG_WARN_RANGE_LOOP_ANALYSIS = YES;
				CLANG_WARN_STRICT_PROTOTYPES = YES;
				CLANG_WARN_SUSPICIOUS_MOVE = YES;
				CLANG_WARN_UNGUARDED_AVAILABILITY = YES_AGGRESSIVE;
				CLANG_WARN_UNREACHABLE_CODE = YES;
				CLANG_WARN__DUPLICATE_METHOD_MATCH = YES;
				COPY_PHASE_STRIP = NO;
				DEBUG_INFORMATION_FORMAT = dwarf;
				ENABLE_STRICT_OBJC_MSGSEND = YES;
				ENABLE_TESTABILITY = YES;
				ENABLE_USER_SCRIPT_SANDBOXING = YES;
				GCC_C_LANGUAGE_STANDARD = gnu17;
				GCC_DYNAMIC_NO_PIC = NO;
				GCC_NO_COMMON_BLOCKS = YES;
				GCC_OPTIMIZATION_LEVEL = 0;
				GCC_PREPROCESSOR_DEFINITIONS = (
					"DEBUG=1",
					"$(inherited)",
				);
				GCC_WARN_64_TO_32_BIT_CONVERSION = YES;
				GCC_WARN_ABOUT_RETURN_TYPE = YES_ERROR;
				GCC_WARN_UNDECLARED_SELECTOR = YES;
				GCC_WARN_UNINITIALIZED_AUTOS = YES_AGGRESSIVE;
				GCC_WARN_UNUSED_FUNCTION = YES;
				GCC_WARN_UNUSED_VARIABLE = YES;
				LOCALIZATION_PREFERS_STRING_CATALOGS = YES;
				MACOSX_DEPLOYMENT_TARGET = 26.3;
				MTL_ENABLE_DEBUG_INFO = INCLUDE_SOURCE;
				MTL_FAST_MATH = YES;
				ONLY_ACTIVE_ARCH = YES;
				SDKROOT = macosx;
				SWIFT_ACTIVE_COMPILATION_CONDITIONS = "DEBUG $(inherited)";
				SWIFT_OPTIMIZATION_LEVEL = "-Onone";
			};
			name = Debug;
		};
		FB6496E72F94CF4F00D20975 /* Release */ = {
			isa = XCBuildConfiguration;
			buildSettings = {
				ALWAYS_SEARCH_USER_PATHS = NO;
				ASSETCATALOG_COMPILER_GENERATE_SWIFT_ASSET_SYMBOL_EXTENSIONS = YES;
				CLANG_ANALYZER_NONNULL = YES;
				CLANG_ANALYZER_NUMBER_OBJECT_CONVERSION = YES_AGGRESSIVE;
				CLANG_CXX_LANGUAGE_STANDARD = "gnu++20";
				CLANG_ENABLE_MODULES = YES;
				CLANG_ENABLE_OBJC_ARC = YES;
				CLANG_ENABLE_OBJC_WEAK = YES;
				CLANG_WARN_BLOCK_CAPTURE_AUTORELEASING = YES;
				CLANG_WARN_BOOL_CONVERSION = YES;
				CLANG_WARN_COMMA = YES;
				CLANG_WARN_CONSTANT_CONVERSION = YES;
				CLANG_WARN_DEPRECATED_OBJC_IMPLEMENTATIONS = YES;
				CLANG_WARN_DIRECT_OBJC_ISA_USAGE = YES_ERROR;
				CLANG_WARN_DOCUMENTATION_COMMENTS = YES;
				CLANG_WARN_EMPTY_BODY = YES;
				CLANG_WARN_ENUM_CONVERSION = YES;
				CLANG_WARN_INFINITE_RECURSION = YES;
				CLANG_WARN_INT_CONVERSION = YES;
				CLANG_WARN_NON_LITERAL_NULL_CONVERSION = YES;
				CLANG_WARN_OBJC_IMPLICIT_RETAIN_SELF = YES;
				CLANG_WARN_OBJC_LITERAL_CONVERSION = YES;
				CLANG_WARN_OBJC_ROOT_CLASS = YES_ERROR;
				CLANG_WARN_QUOTED_INCLUDE_IN_FRAMEWORK_HEADER = YES;
				CLANG_WARN_RANGE_LOOP_ANALYSIS = YES;
				CLANG_WARN_STRICT_PROTOTYPES = YES;
				CLANG_WARN_SUSPICIOUS_MOVE = YES;
				CLANG_WARN_UNGUARDED_AVAILABILITY = YES_AGGRESSIVE;
				CLANG_WARN_UNREACHABLE_CODE = YES;
				CLANG_WARN__DUPLICATE_METHOD_MATCH = YES;
				COPY_PHASE_STRIP = NO;
				DEBUG_INFORMATION_FORMAT = "dwarf-with-dsym";
				ENABLE_NS_ASSERTIONS = NO;
				ENABLE_STRICT_OBJC_MSGSEND = YES;
				ENABLE_USER_SCRIPT_SANDBOXING = YES;
				GCC_C_LANGUAGE_STANDARD = gnu17;
				GCC_NO_COMMON_BLOCKS = YES;
				GCC_WARN_64_TO_32_BIT_CONVERSION = YES;
				GCC_WARN_ABOUT_RETURN_TYPE = YES_ERROR;
				GCC_WARN_UNDECLARED_SELECTOR = YES;
				GCC_WARN_UNINITIALIZED_AUTOS = YES_AGGRESSIVE;
				GCC_WARN_UNUSED_FUNCTION = YES;
				GCC_WARN_UNUSED_VARIABLE = YES;
				LOCALIZATION_PREFERS_STRING_CATALOGS = YES;
				MACOSX_DEPLOYMENT_TARGET = 26.3;
				MTL_ENABLE_DEBUG_INFO = NO;
				MTL_FAST_MATH = YES;
				SDKROOT = macosx;
				SWIFT_COMPILATION_MODE = wholemodule;
			};
			name = Release;
		};
		FB6496E92F94CF4F00D20975 /* Debug */ = {
			isa = XCBuildConfiguration;
			buildSettings = {
				ASSETCATALOG_COMPILER_APPICON_NAME = AppIcon;
				ASSETCATALOG_COMPILER_GLOBAL_ACCENT_COLOR_NAME = AccentColor;
				"CODE_SIGN_IDENTITY[sdk=macosx*]" = "Apple Development";
				CODE_SIGN_STYLE = Automatic;
				COMBINE_HIDPI_IMAGES = YES;
				CURRENT_PROJECT_VERSION = 1;
				DEVELOPMENT_TEAM = LUM6CW572A;
				ENABLE_APP_SANDBOX = YES;
				ENABLE_PREVIEWS = YES;
				ENABLE_USER_SELECTED_FILES = readonly;
				GENERATE_INFOPLIST_FILE = YES;
				INFOPLIST_FILE = Daylight/Info.plist;
				INFOPLIST_KEY_LSApplicationCategoryType = "";
				INFOPLIST_KEY_LSUIElement = YES;
				INFOPLIST_KEY_NSHumanReadableCopyright = "";
				LD_RUNPATH_SEARCH_PATHS = (
					"$(inherited)",
					"@executable_path/../Frameworks",
				);
				MARKETING_VERSION = 1.0;
				PRODUCT_BUNDLE_IDENTIFIER = com.adamshelley.Daylight;
				PRODUCT_NAME = "$(TARGET_NAME)";
				REGISTER_APP_GROUPS = YES;
				STRING_CATALOG_GENERATE_SYMBOLS = YES;
				SWIFT_APPROACHABLE_CONCURRENCY = YES;
				SWIFT_DEFAULT_ACTOR_ISOLATION = MainActor;
				SWIFT_EMIT_LOC_STRINGS = YES;
				SWIFT_UPCOMING_FEATURE_MEMBER_IMPORT_VISIBILITY = YES;
				SWIFT_VERSION = 5.0;
			};
			name = Debug;
		};
		FB6496EA2F94CF4F00D20975 /* Release */ = {
			isa = XCBuildConfiguration;
			buildSettings = {
				ASSETCATALOG_COMPILER_APPICON_NAME = AppIcon;
				ASSETCATALOG_COMPILER_GLOBAL_ACCENT_COLOR_NAME = AccentColor;
				"CODE_SIGN_IDENTITY[sdk=macosx*]" = "Apple Development";
				CODE_SIGN_STYLE = Automatic;
				COMBINE_HIDPI_IMAGES = YES;
				CURRENT_PROJECT_VERSION = 1;
				DEVELOPMENT_TEAM = LUM6CW572A;
				ENABLE_APP_SANDBOX = YES;
				ENABLE_PREVIEWS = YES;
				ENABLE_USER_SELECTED_FILES = readonly;
				GENERATE_INFOPLIST_FILE = YES;
				INFOPLIST_FILE = Daylight/Info.plist;
				INFOPLIST_KEY_LSApplicationCategoryType = "";
				INFOPLIST_KEY_LSUIElement = YES;
				INFOPLIST_KEY_NSHumanReadableCopyright = "";
				LD_RUNPATH_SEARCH_PATHS = (
					"$(inherited)",
					"@executable_path/../Frameworks",
				);
				MARKETING_VERSION = 1.0;
				PRODUCT_BUNDLE_IDENTIFIER = com.adamshelley.Daylight;
				PRODUCT_NAME = "$(TARGET_NAME)";
				REGISTER_APP_GROUPS = YES;
				STRING_CATALOG_GENERATE_SYMBOLS = YES;
				SWIFT_APPROACHABLE_CONCURRENCY = YES;
				SWIFT_DEFAULT_ACTOR_ISOLATION = MainActor;
				SWIFT_EMIT_LOC_STRINGS = YES;
				SWIFT_UPCOMING_FEATURE_MEMBER_IMPORT_VISIBILITY = YES;
				SWIFT_VERSION = 5.0;
			};
			name = Release;
		};
		FB6496EC2F94CF4F00D20975 /* Debug */ = {
			isa = XCBuildConfiguration;
			buildSettings = {
				BUNDLE_LOADER = "$(TEST_HOST)";
				CODE_SIGN_STYLE = Automatic;
				CURRENT_PROJECT_VERSION = 1;
				GENERATE_INFOPLIST_FILE = YES;
				MACOSX_DEPLOYMENT_TARGET = 26.3;
				MARKETING_VERSION = 1.0;
				PRODUCT_BUNDLE_IDENTIFIER = com.adamshelley.DaylightTests;
				PRODUCT_NAME = "$(TARGET_NAME)";
				STRING_CATALOG_GENERATE_SYMBOLS = NO;
				SWIFT_APPROACHABLE_CONCURRENCY = YES;
				SWIFT_EMIT_LOC_STRINGS = NO;
				SWIFT_UPCOMING_FEATURE_MEMBER_IMPORT_VISIBILITY = YES;
				SWIFT_VERSION = 5.0;
				TEST_HOST = "$(BUILT_PRODUCTS_DIR)/Daylight.app/$(BUNDLE_EXECUTABLE_FOLDER_PATH)/Daylight";
			};
			name = Debug;
		};
		FB6496ED2F94CF4F00D20975 /* Release */ = {
			isa = XCBuildConfiguration;
			buildSettings = {
				BUNDLE_LOADER = "$(TEST_HOST)";
				CODE_SIGN_STYLE = Automatic;
				CURRENT_PROJECT_VERSION = 1;
				GENERATE_INFOPLIST_FILE = YES;
				MACOSX_DEPLOYMENT_TARGET = 26.3;
				MARKETING_VERSION = 1.0;
				PRODUCT_BUNDLE_IDENTIFIER = com.adamshelley.DaylightTests;
				PRODUCT_NAME = "$(TARGET_NAME)";
				STRING_CATALOG_GENERATE_SYMBOLS = NO;
				SWIFT_APPROACHABLE_CONCURRENCY = YES;
				SWIFT_EMIT_LOC_STRINGS = NO;
				SWIFT_UPCOMING_FEATURE_MEMBER_IMPORT_VISIBILITY = YES;
				SWIFT_VERSION = 5.0;
				TEST_HOST = "$(BUILT_PRODUCTS_DIR)/Daylight.app/$(BUNDLE_EXECUTABLE_FOLDER_PATH)/Daylight";
			};
			name = Release;
		};
		FB6496EF2F94CF4F00D20975 /* Debug */ = {
			isa = XCBuildConfiguration;
			buildSettings = {
				CODE_SIGN_STYLE = Automatic;
				CURRENT_PROJECT_VERSION = 1;
				GENERATE_INFOPLIST_FILE = YES;
				MARKETING_VERSION = 1.0;
				PRODUCT_BUNDLE_IDENTIFIER = com.adamshelley.DaylightUITests;
				PRODUCT_NAME = "$(TARGET_NAME)";
				STRING_CATALOG_GENERATE_SYMBOLS = NO;
				SWIFT_APPROACHABLE_CONCURRENCY = YES;
				SWIFT_EMIT_LOC_STRINGS = NO;
				SWIFT_UPCOMING_FEATURE_MEMBER_IMPORT_VISIBILITY = YES;
				SWIFT_VERSION = 5.0;
				TEST_TARGET_NAME = Daylight;
			};
			name = Debug;
		};
		FB6496F02F94CF4F00D20975 /* Release */ = {
			isa = XCBuildConfiguration;
			buildSettings = {
				CODE_SIGN_STYLE = Automatic;
				CURRENT_PROJECT_VERSION = 1;
				GENERATE_INFOPLIST_FILE = YES;
				MARKETING_VERSION = 1.0;
				PRODUCT_BUNDLE_IDENTIFIER = com.adamshelley.DaylightUITests;
				PRODUCT_NAME = "$(TARGET_NAME)";
				STRING_CATALOG_GENERATE_SYMBOLS = NO;
				SWIFT_APPROACHABLE_CONCURRENCY = YES;
				SWIFT_EMIT_LOC_STRINGS = NO;
				SWIFT_UPCOMING_FEATURE_MEMBER_IMPORT_VISIBILITY = YES;
				SWIFT_VERSION = 5.0;
				TEST_TARGET_NAME = Daylight;
			};
			name = Release;
		};
/* End XCBuildConfiguration section */

/* Begin XCConfigurationList section */
		FB6496C22F94CF4C00D20975 /* Build configuration list for PBXProject "Daylight" */ = {
			isa = XCConfigurationList;
			buildConfigurations = (
				FB6496E62F94CF4F00D20975 /* Debug */,
				FB6496E72F94CF4F00D20975 /* Release */,
			);
			defaultConfigurationIsVisible = 0;
			defaultConfigurationName = Release;
		};
		FB6496E82F94CF4F00D20975 /* Build configuration list for PBXNativeTarget "Daylight" */ = {
			isa = XCConfigurationList;
			buildConfigurations = (
				FB6496E92F94CF4F00D20975 /* Debug */,
				FB6496EA2F94CF4F00D20975 /* Release */,
			);
			defaultConfigurationIsVisible = 0;
			defaultConfigurationName = Release;
		};
		FB6496EB2F94CF4F00D20975 /* Build configuration list for PBXNativeTarget "DaylightTests" */ = {
			isa = XCConfigurationList;
			buildConfigurations = (
				FB6496EC2F94CF4F00D20975 /* Debug */,
				FB6496ED2F94CF4F00D20975 /* Release */,
			);
			defaultConfigurationIsVisible = 0;
			defaultConfigurationName = Release;
		};
		FB6496EE2F94CF4F00D20975 /* Build configuration list for PBXNativeTarget "DaylightUITests" */ = {
			isa = XCConfigurationList;
			buildConfigurations = (
				FB6496EF2F94CF4F00D20975 /* Debug */,
				FB6496F02F94CF4F00D20975 /* Release */,
			);
			defaultConfigurationIsVisible = 0;
			defaultConfigurationName = Release;
		};
/* End XCConfigurationList section */
	};
	rootObject = FB6496BF2F94CF4C00D20975 /* Project object */;
}
